{
  "name": "@arweave-cdn/webpack-plugin",
  "version": "1.0.2",
  "lockfileVersion": 1,
  "requires": true,
  "dependencies": {
    "@arweave-cdn/uploader": {
      "version": "1.0.4",
      "resolved": "https://registry.npmjs.org/@arweave-cdn/uploader/-/uploader-1.0.4.tgz",
      "integrity": "sha512-oblMxE1sYoY6MVh+7xBtnOUyTRONAxF/0k0WSNtaC60ytp6I68hYvPwLSc53FKL+8lLY57pcHLHzyHttD0HpsA==",
      "requires": {
        "arweave": "^1.7.0",
        "colors": "^1.4.0",
        "mime": "^2.4.5"
      }
    },
    "@types/anymatch": {
      "version": "1.3.1",
      "resolved": "https://registry.npmjs.org/@types/anymatch/-/anymatch-1.3.1.tgz",
      "integrity": "sha512-/+CRPXpBDpo2RK9C68N3b2cOvO0Cf5B9aPijHsoDQTHivnGSObdOF2BRQOYjojWTDy6nQvMjmqRXIxH55VjxxA==",
      "dev": true
    },
    "@types/node": {
      "version": "14.0.4",
      "resolved": "https://registry.npmjs.org/@types/node/-/node-14.0.4.tgz",
      "integrity": "sha512-k3NqigXWRzQZVBDS5D1U70A5E8Qk4Kh+Ha/x4M8Bt9pF0X05eggfnC9+63Usc9Q928hRUIpIhTQaXsZwZBl4Ew==",
      "dev": true
    },
    "@types/source-list-map": {
      "version": "0.1.2",
      "resolved": "https://registry.npmjs.org/@types/source-list-map/-/source-list-map-0.1.2.tgz",
      "integrity": "sha512-K5K+yml8LTo9bWJI/rECfIPrGgxdpeNbj+d53lwN4QjW1MCwlkhUms+gtdzigTeUyBr09+u8BwOIY3MXvHdcsA==",
      "dev": true
    },
    "@types/tapable": {
      "version": "1.0.5",
      "resolved": "https://registry.npmjs.org/@types/tapable/-/tapable-1.0.5.tgz",
      "integrity": "sha512-/gG2M/Imw7cQFp8PGvz/SwocNrmKFjFsm5Pb8HdbHkZ1K8pmuPzOX4VeVoiEecFCVf4CsN1r3/BRvx+6sNqwtQ==",
      "dev": true
    },
    "@types/uglify-js": {
      "version": "3.9.2",
      "resolved": "https://registry.npmjs.org/@types/uglify-js/-/uglify-js-3.9.2.tgz",
      "integrity": "sha512-d6dIfpPbF+8B7WiCi2ELY7m0w1joD8cRW4ms88Emdb2w062NeEpbNCeWwVCgzLRpVG+5e74VFSg4rgJ2xXjEiQ==",
      "dev": true,
      "requires": {
        "source-map": "^0.6.1"
      }
    },
    "@types/webpack": {
      "version": "4.41.13",
      "resolved": "https://registry.npmjs.org/@types/webpack/-/webpack-4.41.13.tgz",
      "integrity": "sha512-RYmIHOWSxnTTa765N6jJBVE45pd2SYNblEYshVDduLw6RhocazNmRzE5/ytvBD8IkDMH6DI+bcrqxh8NILimBA==",
      "dev": true,
      "requires": {
        "@types/anymatch": "*",
        "@types/node": "*",
        "@types/tapable": "*",
        "@types/uglify-js": "*",
        "@types/webpack-sources": "*",
        "source-map": "^0.6.0"
      }
    },
    "@types/webpack-sources": {
      "version": "0.1.7",
      "resolved": "https://registry.npmjs.org/@types/webpack-sources/-/webpack-sources-0.1.7.tgz",
      "integrity": "sha512-XyaHrJILjK1VHVC4aVlKsdNN5KBTwufMb43cQs+flGxtPAf/1Qwl8+Q0tp5BwEGaI8D6XT1L+9bSWXckgkjTLw==",
      "dev": true,
      "requires": {
        "@types/node": "*",
        "@types/source-list-map": "*",
        "source-map": "^0.6.1"
      }
    },
    "arweave": {
      "version": "1.7.1",
      "resolved": "https://registry.npmjs.org/arweave/-/arweave-1.7.1.tgz",
      "integrity": "sha512-fYv0yE5uXYjCAcB9hAWNmaU1O8qfdOyNtfmNHyQtkMmMjBHbZGwDnJRK3/tDsNhWHzn7NXkLs0HeZjwXk/C/3w==",
      "requires": {
        "arweave-asn1": "github:arweave-kyle/asn1.js",
        "axios": "^0.18.0",
        "base64-js": "^1.3.0",
        "bignumber.js": "^8.1.1"
      }
    },
    "arweave-asn1": {
      "version": "github:arweave-kyle/asn1.js#afc4c325183f6a9d1ff84454106319d3e08d2b0e",
      "from": "github:arweave-kyle/asn1.js",
      "requires": {
        "bn.js": "^4.0.0",
        "inherits": "^2.0.1",
        "minimalistic-assert": "^1.0.0"
      }
    },
    "axios": {
      "version": "0.18.1",
      "resolved": "https://registry.npmjs.org/axios/-/axios-0.18.1.tgz",
      "integrity": "sha512-0BfJq4NSfQXd+SkFdrvFbG7addhYSBA2mQwISr46pD6E5iqkWg02RAs8vyTT/j0RTnoYmeXauBuSv1qKwR179g==",
      "requires": {
        "follow-redirects": "1.5.10",
        "is-buffer": "^2.0.2"
      }
    },
    "base64-js": {
      "version": "1.3.1",
      "resolved": "https://registry.npmjs.org/base64-js/-/base64-js-1.3.1.tgz",
      "integrity": "sha512-mLQ4i2QO1ytvGWFWmcngKO//JXAQueZvwEKtjgQFM4jIK0kU+ytMfplL8j+n5mspOfjHwoAg+9yhb7BwAHm36g=="
    },
    "bignumber.js": {
      "version": "8.1.1",
      "resolved": "https://registry.npmjs.org/bignumber.js/-/bignumber.js-8.1.1.tgz",
      "integrity": "sha512-QD46ppGintwPGuL1KqmwhR0O+N2cZUg8JG/VzwI2e28sM9TqHjQB10lI4QAaMHVbLzwVLLAwEglpKPViWX+5NQ=="
    },
    "bn.js": {
      "version": "4.11.9",
      "resolved": "https://registry.npmjs.org/bn.js/-/bn.js-4.11.9.tgz",
      "integrity": "sha512-E6QoYqCKZfgatHTdHzs1RRKP7ip4vvm+EyRUeE2RF0NblwVvb0p6jSVeNTOFxPn26QXN2o6SMfNxKp6kU8zQaw=="
    },
    "colors": {
      "version": "1.4.0",
      "resolved": "https://registry.npmjs.org/colors/-/colors-1.4.0.tgz",
      "integrity": "sha512-a+UqTh4kgZg/SlGvfbzDHpgRu7AAQOmmqRHJnxhRZICKFUT91brVhNNt58CMWU9PsBbv3PDCZUHbVxuDiH2mtA=="
    },
    "debug": {
      "version": "3.1.0",
      "resolved": "https://registry.npmjs.org/debug/-/debug-3.1.0.tgz",
      "integrity": "sha512-OX8XqP7/1a9cqkxYw2yXss15f26NKWBpDXQd0/uK/KPqdQhxbPa994hnzjcE2VqQpDslf55723cKPUOGSmMY3g==",
      "requires": {
        "ms": "2.0.0"
      }
    },
    "follow-redirects": {
      "version": "1.5.10",
      "resolved": "https://registry.npmjs.org/follow-redirects/-/follow-redirects-1.5.10.tgz",
      "integrity": "sha512-0V5l4Cizzvqt5D44aTXbFZz+FtyXV1vrDN6qrelxtfYQKW0KO0W2T/hkE8xvGa/540LkZlkaUjO4ailYTFtHVQ==",
      "requires": {
        "debug": "=3.1.0"
      }
    },
    "inherits": {
      "version": "2.0.4",
      "resolved": "https://registry.npmjs.org/inherits/-/inherits-2.0.4.tgz",
      "integrity": "sha512-k/vGaX4/Yla3WzyMCvTQOXYeIHvqOKtnqBduzTHpzpQZzAskKMhZ2K+EnBiSM9zGSoIFeMpXKxa4dYeZIQqewQ=="
    },
    "is-buffer": {
      "version": "2.0.4",
      "resolved": "https://registry.npmjs.org/is-buffer/-/is-buffer-2.0.4.tgz",
      "integrity": "sha512-Kq1rokWXOPXWuaMAqZiJW4XxsmD9zGx9q4aePabbn3qCRGedtH7Cm+zV8WETitMfu1wdh+Rvd6w5egwSngUX2A=="
    },
    "mime": {
      "version": "2.4.5",
      "resolved": "https://registry.npmjs.org/mime/-/mime-2.4.5.tgz",
      "integrity": "sha512-3hQhEUF027BuxZjQA3s7rIv/7VCQPa27hN9u9g87sEkWaKwQPuXOkVKtOeiyUrnWqTDiOs8Ed2rwg733mB0R5w=="
    },
    "minimalistic-assert": {
      "version": "1.0.1",
      "resolved": "https://registry.npmjs.org/minimalistic-assert/-/minimalistic-assert-1.0.1.tgz",
      "integrity": "sha512-UtJcAD4yEaGtjPezWuO9wC4nwUnVH/8/Im3yEHQP4b67cXlD/Qr9hdITCU1xDbSEXg2XKNaP8jsReV7vQd00/A=="
    },
    "ms": {
      "version": "2.0.0",
      "resolved": "https://registry.npmjs.org/ms/-/ms-2.0.0.tgz",
      "integrity": "sha1-VgiurfwAvmwpAd9fmGF4jeDVl8g="
    },
    "source-map": {
      "version": "0.6.1",
      "resolved": "https://registry.npmjs.org/source-map/-/source-map-0.6.1.tgz",
      "integrity": "sha512-UjgapumWlbMhkBgzT7Ykc5YXUT46F0iKu8SGXq0bcwP5dz/h0Plj6enJqjz1Zbq2l5WaqYnrVbwWOWMyF3F47g==",
      "dev": true
    },
    "typescript": {
      "version": "3.9.3",
      "resolved": "https://registry.npmjs.org/typescript/-/typescript-3.9.3.tgz",
      "integrity": "sha512-D/wqnB2xzNFIcoBG9FG8cXRDjiqSTbG2wd8DMZeQyJlP1vfTkIxH4GKveWaEBYySKIg+USu+E+EDIR47SqnaMQ==",
      "dev": true
    }
  }
}
